// !$*UTF8*$!
{
	archiveVersion = 1;
	classes = {
	};
	objectVersion = 46;
	objects = {

/* Begin PBXBuildFile section */
		0E14FBE614DDC1DC00037720 /* libsqlite3.dylib in Frameworks */ = {isa = PBXBuildFile; fileRef = 0E14FBE514DDC1DC00037720 /* libsqlite3.dylib */; };
		0E14FBE814DDC1E800037720 /* AudioToolbox.framework in Frameworks */ = {isa = PBXBuildFile; fileRef = 0E14FBE714DDC1E800037720 /* AudioToolbox.framework */; };
		0E14FBEA14DDC1F000037720 /* CoreLocation.framework in Frameworks */ = {isa = PBXBuildFile; fileRef = 0E14FBE914DDC1F000037720 /* CoreLocation.framework */; };
		0E14FBF614DE3FD100037720 /* BumpAPIAssets.bundle in Resources */ = {isa = PBXBuildFile; fileRef = 0E14FBF014DE3FD100037720 /* BumpAPIAssets.bundle */; };
		0E14FBF714DE3FD100037720 /* BumpConnector.m in Sources */ = {isa = PBXBuildFile; fileRef = 0E14FBF314DE3FD100037720 /* BumpConnector.m */; };
		0E14FBF814DE3FD100037720 /* libBumpAPI.a in Frameworks */ = {isa = PBXBuildFile; fileRef = 0E14FBF514DE3FD100037720 /* libBumpAPI.a */; };
		0E8A260114DCF1D20021C47B /* fire_particle_large.png in Resources */ = {isa = PBXBuildFile; fileRef = 0E8A25FD14DCF1D20021C47B /* fire_particle_large.png */; };
		0E8A260214DCF1D20021C47B /* fire_particle.png in Resources */ = {isa = PBXBuildFile; fileRef = 0E8A25FE14DCF1D20021C47B /* fire_particle.png */; };
		0E8A260314DCF1D20021C47B /* london_transparent_front.png in Resources */ = {isa = PBXBuildFile; fileRef = 0E8A25FF14DCF1D20021C47B /* london_transparent_front.png */; };
		0E8A260414DCF1D20021C47B /* london_transparent.png in Resources */ = {isa = PBXBuildFile; fileRef = 0E8A260014DCF1D20021C47B /* london_transparent.png */; };
		0E8A260714DCF4B80021C47B /* FlameLayer.m in Sources */ = {isa = PBXBuildFile; fileRef = 0E8A260614DCF4B70021C47B /* FlameLayer.m */; };
		0E8A260914DCF5960021C47B /* QuartzCore.framework in Frameworks */ = {isa = PBXBuildFile; fileRef = 0E8A260814DCF5960021C47B /* QuartzCore.framework */; };
		9459F0AA14DE821300A31F16 /* PurchaseFlameView.m in Sources */ = {isa = PBXBuildFile; fileRef = 9459F0A914DE821300A31F16 /* PurchaseFlameView.m */; };
		94A228C414DE3A8A00A5AB8C /* UserData.m in Sources */ = {isa = PBXBuildFile; fileRef = 94A228C314DE3A8A00A5AB8C /* UserData.m */; };
		94A228C814DE3E7600A5AB8C /* CustomizeFlameViewController.m in Sources */ = {isa = PBXBuildFile; fileRef = 94A228C714DE3E7600A5AB8C /* CustomizeFlameViewController.m */; };
		94C4885314DE808A00FF405C /* CustomizeFlameView.m in Sources */ = {isa = PBXBuildFile; fileRef = 94C4885214DE808A00FF405C /* CustomizeFlameView.m */; };
		94E7E08614DB32EF00FA3BA4 /* UIKit.framework in Frameworks */ = {isa = PBXBuildFile; fileRef = 94E7E08514DB32EF00FA3BA4 /* UIKit.framework */; };
		94E7E08814DB32EF00FA3BA4 /* Foundation.framework in Frameworks */ = {isa = PBXBuildFile; fileRef = 94E7E08714DB32EF00FA3BA4 /* Foundation.framework */; };
		94E7E08A14DB32EF00FA3BA4 /* CoreGraphics.framework in Frameworks */ = {isa = PBXBuildFile; fileRef = 94E7E08914DB32EF00FA3BA4 /* CoreGraphics.framework */; };
		94E7E09014DB32EF00FA3BA4 /* InfoPlist.strings in Resources */ = {isa = PBXBuildFile; fileRef = 94E7E08E14DB32EF00FA3BA4 /* InfoPlist.strings */; };
		94E7E09214DB32EF00FA3BA4 /* main.m in Sources */ = {isa = PBXBuildFile; fileRef = 94E7E09114DB32EF00FA3BA4 /* main.m */; };
		94E7E09614DB32EF00FA3BA4 /* PassTheTorchAppDelegate.m in Sources */ = {isa = PBXBuildFile; fileRef = 94E7E09514DB32EF00FA3BA4 /* PassTheTorchAppDelegate.m */; };
		94E7E09914DB32EF00FA3BA4 /* MainStoryboard.storyboard in Resources */ = {isa = PBXBuildFile; fileRef = 94E7E09714DB32EF00FA3BA4 /* MainStoryboard.storyboard */; };
		94E7E09C14DB32EF00FA3BA4 /* PassTheTorchViewController.m in Sources */ = {isa = PBXBuildFile; fileRef = 94E7E09B14DB32EF00FA3BA4 /* PassTheTorchViewController.m */; };
		94E7E0A714DB79E600FA3BA4 /* TorchView.m in Sources */ = {isa = PBXBuildFile; fileRef = 94E7E0A614DB79E600FA3BA4 /* TorchView.m */; };
		94E7E0AB14DB8E3A00FA3BA4 /* HeadquartersViewController.m in Sources */ = {isa = PBXBuildFile; fileRef = 94E7E0A914DB8E3A00FA3BA4 /* HeadquartersViewController.m */; };
		94E7E0AF14DB8F2F00FA3BA4 /* HeadquartersView.m in Sources */ = {isa = PBXBuildFile; fileRef = 94E7E0AE14DB8F2F00FA3BA4 /* HeadquartersView.m */; };
/* End PBXBuildFile section */

/* Begin PBXFileReference section */
		0E14FBE314DDC1D100037720 /* libsqlite3.0.dylib */ = {isa = PBXFileReference; lastKnownFileType = "compiled.mach-o.dylib"; name = libsqlite3.0.dylib; path = usr/lib/libsqlite3.0.dylib; sourceTree = SDKROOT; };
		0E14FBE514DDC1DC00037720 /* libsqlite3.dylib */ = {isa = PBXFileReference; lastKnownFileType = "compiled.mach-o.dylib"; name = libsqlite3.dylib; path = usr/lib/libsqlite3.dylib; sourceTree = SDKROOT; };
		0E14FBE714DDC1E800037720 /* AudioToolbox.framework */ = {isa = PBXFileReference; lastKnownFileType = wrapper.framework; name = AudioToolbox.framework; path = System/Library/Frameworks/AudioToolbox.framework; sourceTree = SDKROOT; };
		0E14FBE914DDC1F000037720 /* CoreLocation.framework */ = {isa = PBXFileReference; lastKnownFileType = wrapper.framework; name = CoreLocation.framework; path = System/Library/Frameworks/CoreLocation.framework; sourceTree = SDKROOT; };
		0E14FBEF14DE3FD100037720 /* BumpAPI.h */ = {isa = PBXFileReference; fileEncoding = 4; lastKnownFileType = sourcecode.c.h; name = BumpAPI.h; path = PassTheTorch/BumpAPI.h; sourceTree = "<group>"; };
		0E14FBF014DE3FD100037720 /* BumpAPIAssets.bundle */ = {isa = PBXFileReference; lastKnownFileType = "wrapper.plug-in"; name = BumpAPIAssets.bundle; path = PassTheTorch/BumpAPIAssets.bundle; sourceTree = "<group>"; };
		0E14FBF114DE3FD100037720 /* BumpAPICustomUI.h */ = {isa = PBXFileReference; fileEncoding = 4; lastKnownFileType = sourcecode.c.h; name = BumpAPICustomUI.h; path = PassTheTorch/BumpAPICustomUI.h; sourceTree = "<group>"; };
		0E14FBF214DE3FD100037720 /* BumpConnector.h */ = {isa = PBXFileReference; fileEncoding = 4; lastKnownFileType = sourcecode.c.h; name = BumpConnector.h; path = PassTheTorch/BumpConnector.h; sourceTree = "<group>"; };
		0E14FBF314DE3FD100037720 /* BumpConnector.m */ = {isa = PBXFileReference; fileEncoding = 4; lastKnownFileType = sourcecode.c.objc; name = BumpConnector.m; path = PassTheTorch/BumpConnector.m; sourceTree = "<group>"; };
		0E14FBF414DE3FD100037720 /* Bumper.h */ = {isa = PBXFileReference; fileEncoding = 4; lastKnownFileType = sourcecode.c.h; name = Bumper.h; path = PassTheTorch/Bumper.h; sourceTree = "<group>"; };
		0E14FBF514DE3FD100037720 /* libBumpAPI.a */ = {isa = PBXFileReference; lastKnownFileType = archive.ar; name = libBumpAPI.a; path = PassTheTorch/libBumpAPI.a; sourceTree = "<group>"; };
		0E8A25FD14DCF1D20021C47B /* fire_particle_large.png */ = {isa = PBXFileReference; lastKnownFileType = image.png; path = fire_particle_large.png; sourceTree = "<group>"; };
		0E8A25FE14DCF1D20021C47B /* fire_particle.png */ = {isa = PBXFileReference; lastKnownFileType = image.png; path = fire_particle.png; sourceTree = "<group>"; };
		0E8A25FF14DCF1D20021C47B /* london_transparent_front.png */ = {isa = PBXFileReference; lastKnownFileType = image.png; path = london_transparent_front.png; sourceTree = "<group>"; };
		0E8A260014DCF1D20021C47B /* london_transparent.png */ = {isa = PBXFileReference; lastKnownFileType = image.png; path = london_transparent.png; sourceTree = "<group>"; };
		0E8A260514DCF4B70021C47B /* FlameLayer.h */ = {isa = PBXFileReference; fileEncoding = 4; lastKnownFileType = sourcecode.c.h; path = FlameLayer.h; sourceTree = "<group>"; };
		0E8A260614DCF4B70021C47B /* FlameLayer.m */ = {isa = PBXFileReference; fileEncoding = 4; lastKnownFileType = sourcecode.c.objc; path = FlameLayer.m; sourceTree = "<group>"; };
		0E8A260814DCF5960021C47B /* QuartzCore.framework */ = {isa = PBXFileReference; lastKnownFileType = wrapper.framework; name = QuartzCore.framework; path = System/Library/Frameworks/QuartzCore.framework; sourceTree = SDKROOT; };
		9459F0A814DE821300A31F16 /* PurchaseFlameView.h */ = {isa = PBXFileReference; fileEncoding = 4; lastKnownFileType = sourcecode.c.h; path = PurchaseFlameView.h; sourceTree = "<group>"; };
		9459F0A914DE821300A31F16 /* PurchaseFlameView.m */ = {isa = PBXFileReference; fileEncoding = 4; lastKnownFileType = sourcecode.c.objc; path = PurchaseFlameView.m; sourceTree = "<group>"; };
		94A228C214DE3A8A00A5AB8C /* UserData.h */ = {isa = PBXFileReference; fileEncoding = 4; lastKnownFileType = sourcecode.c.h; path = UserData.h; sourceTree = "<group>"; };
		94A228C314DE3A8A00A5AB8C /* UserData.m */ = {isa = PBXFileReference; fileEncoding = 4; lastKnownFileType = sourcecode.c.objc; path = UserData.m; sourceTree = "<group>"; };
		94A228C614DE3E7600A5AB8C /* CustomizeFlameViewController.h */ = {isa = PBXFileReference; fileEncoding = 4; lastKnownFileType = sourcecode.c.h; path = CustomizeFlameViewController.h; sourceTree = "<group>"; };
		94A228C714DE3E7600A5AB8C /* CustomizeFlameViewController.m */ = {isa = PBXFileReference; fileEncoding = 4; lastKnownFileType = sourcecode.c.objc; path = CustomizeFlameViewController.m; sourceTree = "<group>"; };
		94C4885114DE808A00FF405C /* CustomizeFlameView.h */ = {isa = PBXFileReference; fileEncoding = 4; lastKnownFileType = sourcecode.c.h; path = CustomizeFlameView.h; sourceTree = "<group>"; };
		94C4885214DE808A00FF405C /* CustomizeFlameView.m */ = {isa = PBXFileReference; fileEncoding = 4; lastKnownFileType = sourcecode.c.objc; path = CustomizeFlameView.m; sourceTree = "<group>"; };
		94E7E08114DB32EF00FA3BA4 /* PassTheTorch.app */ = {isa = PBXFileReference; explicitFileType = wrapper.application; includeInIndex = 0; path = PassTheTorch.app; sourceTree = BUILT_PRODUCTS_DIR; };
		94E7E08514DB32EF00FA3BA4 /* UIKit.framework */ = {isa = PBXFileReference; lastKnownFileType = wrapper.framework; name = UIKit.framework; path = System/Library/Frameworks/UIKit.framework; sourceTree = SDKROOT; };
		94E7E08714DB32EF00FA3BA4 /* Foundation.framework */ = {isa = PBXFileReference; lastKnownFileType = wrapper.framework; name = Foundation.framework; path = System/Library/Frameworks/Foundation.framework; sourceTree = SDKROOT; };
		94E7E08914DB32EF00FA3BA4 /* CoreGraphics.framework */ = {isa = PBXFileReference; lastKnownFileType = wrapper.framework; name = CoreGraphics.framework; path = System/Library/Frameworks/CoreGraphics.framework; sourceTree = SDKROOT; };
		94E7E08D14DB32EF00FA3BA4 /* PassTheTorch-Info.plist */ = {isa = PBXFileReference; lastKnownFileType = text.plist.xml; path = "PassTheTorch-Info.plist"; sourceTree = "<group>"; };
		94E7E08F14DB32EF00FA3BA4 /* en */ = {isa = PBXFileReference; lastKnownFileType = text.plist.strings; name = en; path = en.lproj/InfoPlist.strings; sourceTree = "<group>"; };
		94E7E09114DB32EF00FA3BA4 /* main.m */ = {isa = PBXFileReference; lastKnownFileType = sourcecode.c.objc; path = main.m; sourceTree = "<group>"; };
		94E7E09314DB32EF00FA3BA4 /* PassTheTorch-Prefix.pch */ = {isa = PBXFileReference; lastKnownFileType = sourcecode.c.h; path = "PassTheTorch-Prefix.pch"; sourceTree = "<group>"; };
		94E7E09414DB32EF00FA3BA4 /* PassTheTorchAppDelegate.h */ = {isa = PBXFileReference; lastKnownFileType = sourcecode.c.h; path = PassTheTorchAppDelegate.h; sourceTree = "<group>"; };
		94E7E09514DB32EF00FA3BA4 /* PassTheTorchAppDelegate.m */ = {isa = PBXFileReference; lastKnownFileType = sourcecode.c.objc; path = PassTheTorchAppDelegate.m; sourceTree = "<group>"; };
		94E7E09814DB32EF00FA3BA4 /* en */ = {isa = PBXFileReference; lastKnownFileType = file.storyboard; name = en; path = en.lproj/MainStoryboard.storyboard; sourceTree = "<group>"; };
		94E7E09A14DB32EF00FA3BA4 /* PassTheTorchViewController.h */ = {isa = PBXFileReference; lastKnownFileType = sourcecode.c.h; path = PassTheTorchViewController.h; sourceTree = "<group>"; };
		94E7E09B14DB32EF00FA3BA4 /* PassTheTorchViewController.m */ = {isa = PBXFileReference; lastKnownFileType = sourcecode.c.objc; path = PassTheTorchViewController.m; sourceTree = "<group>"; };
		94E7E0A514DB79E600FA3BA4 /* TorchView.h */ = {isa = PBXFileReference; fileEncoding = 4; lastKnownFileType = sourcecode.c.h; path = TorchView.h; sourceTree = "<group>"; };
		94E7E0A614DB79E600FA3BA4 /* TorchView.m */ = {isa = PBXFileReference; fileEncoding = 4; lastKnownFileType = sourcecode.c.objc; path = TorchView.m; sourceTree = "<group>"; };
		94E7E0A814DB8E3A00FA3BA4 /* HeadquartersViewController.h */ = {isa = PBXFileReference; fileEncoding = 4; lastKnownFileType = sourcecode.c.h; path = HeadquartersViewController.h; sourceTree = "<group>"; };
		94E7E0A914DB8E3A00FA3BA4 /* HeadquartersViewController.m */ = {isa = PBXFileReference; fileEncoding = 4; lastKnownFileType = sourcecode.c.objc; path = HeadquartersViewController.m; sourceTree = "<group>"; };
		94E7E0AD14DB8F2F00FA3BA4 /* HeadquartersView.h */ = {isa = PBXFileReference; fileEncoding = 4; lastKnownFileType = sourcecode.c.h; path = HeadquartersView.h; sourceTree = "<group>"; };
		94E7E0AE14DB8F2F00FA3BA4 /* HeadquartersView.m */ = {isa = PBXFileReference; fileEncoding = 4; lastKnownFileType = sourcecode.c.objc; path = HeadquartersView.m; sourceTree = "<group>"; };
/* End PBXFileReference section */

/* Begin PBXFrameworksBuildPhase section */
		94E7E07E14DB32EF00FA3BA4 /* Frameworks */ = {
			isa = PBXFrameworksBuildPhase;
			buildActionMask = 2147483647;
			files = (
				0E14FBEA14DDC1F000037720 /* CoreLocation.framework in Frameworks */,
				0E14FBE814DDC1E800037720 /* AudioToolbox.framework in Frameworks */,
				0E14FBE614DDC1DC00037720 /* libsqlite3.dylib in Frameworks */,
				0E8A260914DCF5960021C47B /* QuartzCore.framework in Frameworks */,
				94E7E08614DB32EF00FA3BA4 /* UIKit.framework in Frameworks */,
				94E7E08814DB32EF00FA3BA4 /* Foundation.framework in Frameworks */,
				94E7E08A14DB32EF00FA3BA4 /* CoreGraphics.framework in Frameworks */,
				0E14FBF814DE3FD100037720 /* libBumpAPI.a in Frameworks */,
			);
			runOnlyForDeploymentPostprocessing = 0;
		};
/* End PBXFrameworksBuildPhase section */

/* Begin PBXGroup section */
		0E14FBDB14DDC18F00037720 /* BumpAPI */ = {
			isa = PBXGroup;
			children = (
				0E14FBEF14DE3FD100037720 /* BumpAPI.h */,
				0E14FBF014DE3FD100037720 /* BumpAPIAssets.bundle */,
				0E14FBF114DE3FD100037720 /* BumpAPICustomUI.h */,
				0E14FBF214DE3FD100037720 /* BumpConnector.h */,
				0E14FBF314DE3FD100037720 /* BumpConnector.m */,
				0E14FBF414DE3FD100037720 /* Bumper.h */,
				0E14FBF514DE3FD100037720 /* libBumpAPI.a */,
			);
			name = BumpAPI;
			sourceTree = "<group>";
		};
		0E8A25FB14DCF1BA0021C47B /* Resources */ = {
			isa = PBXGroup;
			children = (
				0E8A25FD14DCF1D20021C47B /* fire_particle_large.png */,
				0E8A25FE14DCF1D20021C47B /* fire_particle.png */,
				0E8A25FF14DCF1D20021C47B /* london_transparent_front.png */,
				0E8A260014DCF1D20021C47B /* london_transparent.png */,
			);
			name = Resources;
			sourceTree = "<group>";
		};
		94E7E07614DB32EF00FA3BA4 = {
			isa = PBXGroup;
			children = (
				0E14FBDB14DDC18F00037720 /* BumpAPI */,
				94E7E08B14DB32EF00FA3BA4 /* PassTheTorch */,
				94E7E08414DB32EF00FA3BA4 /* Frameworks */,
				94E7E08214DB32EF00FA3BA4 /* Products */,
			);
			sourceTree = "<group>";
		};
		94E7E08214DB32EF00FA3BA4 /* Products */ = {
			isa = PBXGroup;
			children = (
				94E7E08114DB32EF00FA3BA4 /* PassTheTorch.app */,
			);
			name = Products;
			sourceTree = "<group>";
		};
		94E7E08414DB32EF00FA3BA4 /* Frameworks */ = {
			isa = PBXGroup;
			children = (
				0E14FBE914DDC1F000037720 /* CoreLocation.framework */,
				0E14FBE714DDC1E800037720 /* AudioToolbox.framework */,
				0E14FBE514DDC1DC00037720 /* libsqlite3.dylib */,
				0E14FBE314DDC1D100037720 /* libsqlite3.0.dylib */,
				0E8A260814DCF5960021C47B /* QuartzCore.framework */,
				94E7E08514DB32EF00FA3BA4 /* UIKit.framework */,
				94E7E08714DB32EF00FA3BA4 /* Foundation.framework */,
				94E7E08914DB32EF00FA3BA4 /* CoreGraphics.framework */,
			);
			name = Frameworks;
			sourceTree = "<group>";
		};
		94E7E08B14DB32EF00FA3BA4 /* PassTheTorch */ = {
			isa = PBXGroup;
			children = (
				94E7E09414DB32EF00FA3BA4 /* PassTheTorchAppDelegate.h */,
				94E7E09514DB32EF00FA3BA4 /* PassTheTorchAppDelegate.m */,
				9459F0A814DE821300A31F16 /* PurchaseFlameView.h */,
				9459F0A914DE821300A31F16 /* PurchaseFlameView.m */,
				94E7E09714DB32EF00FA3BA4 /* MainStoryboard.storyboard */,
				94C4885114DE808A00FF405C /* CustomizeFlameView.h */,
				94C4885214DE808A00FF405C /* CustomizeFlameView.m */,
				94A228C614DE3E7600A5AB8C /* CustomizeFlameViewController.h */,
				94A228C714DE3E7600A5AB8C /* CustomizeFlameViewController.m */,
				94E7E0A514DB79E600FA3BA4 /* TorchView.h */,
				94E7E0A614DB79E600FA3BA4 /* TorchView.m */,
				0E8A260514DCF4B70021C47B /* FlameLayer.h */,
				0E8A260614DCF4B70021C47B /* FlameLayer.m */,
				94A228C214DE3A8A00A5AB8C /* UserData.h */,
				94A228C314DE3A8A00A5AB8C /* UserData.m */,
				94E7E09A14DB32EF00FA3BA4 /* PassTheTorchViewController.h */,
				94E7E09B14DB32EF00FA3BA4 /* PassTheTorchViewController.m */,
				94E7E0AD14DB8F2F00FA3BA4 /* HeadquartersView.h */,
				94E7E0AE14DB8F2F00FA3BA4 /* HeadquartersView.m */,
				94E7E0A814DB8E3A00FA3BA4 /* HeadquartersViewController.h */,
				94E7E0A914DB8E3A00FA3BA4 /* HeadquartersViewController.m */,
				0E8A25FB14DCF1BA0021C47B /* Resources */,
				94E7E08C14DB32EF00FA3BA4 /* Supporting Files */,
			);
			path = PassTheTorch;
			sourceTree = "<group>";
		};
		94E7E08C14DB32EF00FA3BA4 /* Supporting Files */ = {
			isa = PBXGroup;
			children = (
				94E7E08D14DB32EF00FA3BA4 /* PassTheTorch-Info.plist */,
				94E7E08E14DB32EF00FA3BA4 /* InfoPlist.strings */,
				94E7E09114DB32EF00FA3BA4 /* main.m */,
				94E7E09314DB32EF00FA3BA4 /* PassTheTorch-Prefix.pch */,
			);
			name = "Supporting Files";
			sourceTree = "<group>";
		};
/* End PBXGroup section */

/* Begin PBXNativeTarget section */
		94E7E08014DB32EF00FA3BA4 /* PassTheTorch */ = {
			isa = PBXNativeTarget;
			buildConfigurationList = 94E7E09F14DB32EF00FA3BA4 /* Build configuration list for PBXNativeTarget "PassTheTorch" */;
			buildPhases = (
				94E7E07D14DB32EF00FA3BA4 /* Sources */,
				94E7E07E14DB32EF00FA3BA4 /* Frameworks */,
				94E7E07F14DB32EF00FA3BA4 /* Resources */,
			);
			buildRules = (
			);
			dependencies = (
			);
			name = PassTheTorch;
			productName = PassTheTorch;
			productReference = 94E7E08114DB32EF00FA3BA4 /* PassTheTorch.app */;
			productType = "com.apple.product-type.application";
		};
/* End PBXNativeTarget section */

/* Begin PBXProject section */
		94E7E07814DB32EF00FA3BA4 /* Project object */ = {
			isa = PBXProject;
			attributes = {
				LastUpgradeCheck = 0420;
				ORGANIZATIONNAME = Princeton;
			};
			buildConfigurationList = 94E7E07B14DB32EF00FA3BA4 /* Build configuration list for PBXProject "PassTheTorch" */;
			compatibilityVersion = "Xcode 3.2";
			developmentRegion = English;
			hasScannedForEncodings = 0;
			knownRegions = (
				en,
			);
			mainGroup = 94E7E07614DB32EF00FA3BA4;
			productRefGroup = 94E7E08214DB32EF00FA3BA4 /* Products */;
			projectDirPath = "";
			projectRoot = "";
			targets = (
				94E7E08014DB32EF00FA3BA4 /* PassTheTorch */,
			);
		};
/* End PBXProject section */

/* Begin PBXResourcesBuildPhase section */
		94E7E07F14DB32EF00FA3BA4 /* Resources */ = {
			isa = PBXResourcesBuildPhase;
			buildActionMask = 2147483647;
			files = (
				94E7E09014DB32EF00FA3BA4 /* InfoPlist.strings in Resources */,
				94E7E09914DB32EF00FA3BA4 /* MainStoryboard.storyboard in Resources */,
				0E8A260114DCF1D20021C47B /* fire_particle_large.png in Resources */,
				0E8A260214DCF1D20021C47B /* fire_particle.png in Resources */,
				0E8A260314DCF1D20021C47B /* london_transparent_front.png in Resources */,
				0E8A260414DCF1D20021C47B /* london_transparent.png in Resources */,
				0E14FBF614DE3FD100037720 /* BumpAPIAssets.bundle in Resources */,
			);
			runOnlyForDeploymentPostprocessing = 0;
		};
/* End PBXResourcesBuildPhase section */

/* Begin PBXSourcesBuildPhase section */
		94E7E07D14DB32EF00FA3BA4 /* Sources */ = {
			isa = PBXSourcesBuildPhase;
			buildActionMask = 2147483647;
			files = (
				94E7E09214DB32EF00FA3BA4 /* main.m in Sources */,
				94E7E09614DB32EF00FA3BA4 /* PassTheTorchAppDelegate.m in Sources */,
				94E7E09C14DB32EF00FA3BA4 /* PassTheTorchViewController.m in Sources */,
				94E7E0A714DB79E600FA3BA4 /* TorchView.m in Sources */,
				94E7E0AB14DB8E3A00FA3BA4 /* HeadquartersViewController.m in Sources */,
				94E7E0AF14DB8F2F00FA3BA4 /* HeadquartersView.m in Sources */,
				0E8A260714DCF4B80021C47B /* FlameLayer.m in Sources */,
				0E14FBF714DE3FD100037720 /* BumpConnector.m in Sources */,
				94A228C414DE3A8A00A5AB8C /* UserData.m in Sources */,
				94A228C814DE3E7600A5AB8C /* CustomizeFlameViewController.m in Sources */,
				94C4885314DE808A00FF405C /* CustomizeFlameView.m in Sources */,
				9459F0AA14DE821300A31F16 /* PurchaseFlameView.m in Sources */,
			);
			runOnlyForDeploymentPostprocessing = 0;
		};
/* End PBXSourcesBuildPhase section */

/* Begin PBXVariantGroup section */
		94E7E08E14DB32EF00FA3BA4 /* InfoPlist.strings */ = {
			isa = PBXVariantGroup;
			children = (
				94E7E08F14DB32EF00FA3BA4 /* en */,
			);
			name = InfoPlist.strings;
			sourceTree = "<group>";
		};
		94E7E09714DB32EF00FA3BA4 /* MainStoryboard.storyboard */ = {
			isa = PBXVariantGroup;
			children = (
				94E7E09814DB32EF00FA3BA4 /* en */,
			);
			name = MainStoryboard.storyboard;
			sourceTree = "<group>";
		};
/* End PBXVariantGroup section */

/* Begin XCBuildConfiguration section */
		94E7E09D14DB32EF00FA3BA4 /* Debug */ = {
			isa = XCBuildConfiguration;
			buildSettings = {
				ALWAYS_SEARCH_USER_PATHS = NO;
				ARCHS = "$(ARCHS_STANDARD_32_BIT)";
				CLANG_ENABLE_OBJC_ARC = YES;
				"CODE_SIGN_IDENTITY[sdk=iphoneos*]" = "iPhone Developer";
				COPY_PHASE_STRIP = NO;
				GCC_C_LANGUAGE_STANDARD = gnu99;
				GCC_DYNAMIC_NO_PIC = NO;
				GCC_OPTIMIZATION_LEVEL = 0;
				GCC_PREPROCESSOR_DEFINITIONS = (
					"DEBUG=1",
					"$(inherited)",
				);
				GCC_SYMBOLS_PRIVATE_EXTERN = NO;
				GCC_VERSION = com.apple.compilers.llvm.clang.1_0;
				GCC_WARN_ABOUT_MISSING_PROTOTYPES = YES;
				GCC_WARN_ABOUT_RETURN_TYPE = YES;
				GCC_WARN_UNUSED_VARIABLE = YES;
				IPHONEOS_DEPLOYMENT_TARGET = 5.0;
				SDKROOT = iphoneos;
			};
			name = Debug;
		};
		94E7E09E14DB32EF00FA3BA4 /* Release */ = {
			isa = XCBuildConfiguration;
			buildSettings = {
				ALWAYS_SEARCH_USER_PATHS = NO;
				ARCHS = "$(ARCHS_STANDARD_32_BIT)";
				CLANG_ENABLE_OBJC_ARC = YES;
				"CODE_SIGN_IDENTITY[sdk=iphoneos*]" = "iPhone Developer";
				COPY_PHASE_STRIP = YES;
				GCC_C_LANGUAGE_STANDARD = gnu99;
				GCC_VERSION = com.apple.compilers.llvm.clang.1_0;
				GCC_WARN_ABOUT_MISSING_PROTOTYPES = YES;
				GCC_WARN_ABOUT_RETURN_TYPE = YES;
				GCC_WARN_UNUSED_VARIABLE = YES;
				IPHONEOS_DEPLOYMENT_TARGET = 5.0;
				OTHER_CFLAGS = "-DNS_BLOCK_ASSERTIONS=1";
				SDKROOT = iphoneos;
				VALIDATE_PRODUCT = YES;
			};
			name = Release;
		};
		94E7E0A014DB32EF00FA3BA4 /* Debug */ = {
			isa = XCBuildConfiguration;
			buildSettings = {
				GCC_PRECOMPILE_PREFIX_HEADER = YES;
				GCC_PREFIX_HEADER = "PassTheTorch/PassTheTorch-Prefix.pch";
				INFOPLIST_FILE = "PassTheTorch/PassTheTorch-Info.plist";
				LIBRARY_SEARCH_PATHS = (
					"$(inherited)",
					"\"$(SRCROOT)\"",
					"\"$(SRCROOT)/PassTheTorch\"",
				);
				PRODUCT_NAME = "$(TARGET_NAME)";
				WRAPPER_EXTENSION = app;
			};
			name = Debug;
		};
		94E7E0A114DB32EF00FA3BA4 /* Release */ = {
			isa = XCBuildConfiguration;
			buildSettings = {
				GCC_PRECOMPILE_PREFIX_HEADER = YES;
				GCC_PREFIX_HEADER = "PassTheTorch/PassTheTorch-Prefix.pch";
				INFOPLIST_FILE = "PassTheTorch/PassTheTorch-Info.plist";
				LIBRARY_SEARCH_PATHS = (
					"$(inherited)",
					"\"$(SRCROOT)\"",
					"\"$(SRCROOT)/PassTheTorch\"",
				);
				PRODUCT_NAME = "$(TARGET_NAME)";
				WRAPPER_EXTENSION = app;
			};
			name = Release;
		};
/* End XCBuildConfiguration section */

/* Begin XCConfigurationList section */
		94E7E07B14DB32EF00FA3BA4 /* Build configuration list for PBXProject "PassTheTorch" */ = {
			isa = XCConfigurationList;
			buildConfigurations = (
				94E7E09D14DB32EF00FA3BA4 /* Debug */,
				94E7E09E14DB32EF00FA3BA4 /* Release */,
			);
			defaultConfigurationIsVisible = 0;
			defaultConfigurationName = Release;
		};
		94E7E09F14DB32EF00FA3BA4 /* Build configuration list for PBXNativeTarget "PassTheTorch" */ = {
			isa = XCConfigurationList;
			buildConfigurations = (
				94E7E0A014DB32EF00FA3BA4 /* Debug */,
				94E7E0A114DB32EF00FA3BA4 /* Release */,
			);
			defaultConfigurationIsVisible = 0;
			defaultConfigurationName = Release;
		};
/* End XCConfigurationList section */
	};
	rootObject = 94E7E07814DB32EF00FA3BA4 /* Project object */;
}
